// !$*UTF8*$!
{
	archiveVersion = 1;
	classes = {
	};
	objectVersion = 50;
	objects = {

/* Begin PBXBuildFile section */
		D984112A240B2F5900BFABA0 /* AppDelegate.swift in Sources */ = {isa = PBXBuildFile; fileRef = D9841129240B2F5900BFABA0 /* AppDelegate.swift */; };
		D984112C240B2F5900BFABA0 /* SceneDelegate.swift in Sources */ = {isa = PBXBuildFile; fileRef = D984112B240B2F5900BFABA0 /* SceneDelegate.swift */; };
		D984112F240B2F5900BFABA0 /* ArtTracker.xcdatamodeld in Sources */ = {isa = PBXBuildFile; fileRef = D984112D240B2F5900BFABA0 /* ArtTracker.xcdatamodeld */; };
		D9841131240B2F5900BFABA0 /* ContentView.swift in Sources */ = {isa = PBXBuildFile; fileRef = D9841130240B2F5900BFABA0 /* ContentView.swift */; };
		D9841133240B2F5B00BFABA0 /* Assets.xcassets in Resources */ = {isa = PBXBuildFile; fileRef = D9841132240B2F5B00BFABA0 /* Assets.xcassets */; };
		D9841136240B2F5B00BFABA0 /* Preview Assets.xcassets in Resources */ = {isa = PBXBuildFile; fileRef = D9841135240B2F5B00BFABA0 /* Preview Assets.xcassets */; };
		D9841139240B2F5B00BFABA0 /* LaunchScreen.storyboard in Resources */ = {isa = PBXBuildFile; fileRef = D9841137240B2F5B00BFABA0 /* LaunchScreen.storyboard */; };
/* End PBXBuildFile section */

/* Begin PBXFileReference section */
		D9841126240B2F5900BFABA0 /* ArtTracker.app */ = {isa = PBXFileReference; explicitFileType = wrapper.application; includeInIndex = 0; path = ArtTracker.app; sourceTree = BUILT_PRODUCTS_DIR; };
		D9841129240B2F5900BFABA0 /* AppDelegate.swift */ = {isa = PBXFileReference; lastKnownFileType = sourcecode.swift; path = AppDelegate.swift; sourceTree = "<group>"; };
		D984112B240B2F5900BFABA0 /* SceneDelegate.swift */ = {isa = PBXFileReference; lastKnownFileType = sourcecode.swift; path = SceneDelegate.swift; sourceTree = "<group>"; };
		D984112E240B2F5900BFABA0 /* ArtTracker.xcdatamodel */ = {isa = PBXFileReference; lastKnownFileType = wrapper.xcdatamodel; path = ArtTracker.xcdatamodel; sourceTree = "<group>"; };
		D9841130240B2F5900BFABA0 /* ContentView.swift */ = {isa = PBXFileReference; lastKnownFileType = sourcecode.swift; path = ContentView.swift; sourceTree = "<group>"; };
		D9841132240B2F5B00BFABA0 /* Assets.xcassets */ = {isa = PBXFileReference; lastKnownFileType = folder.assetcatalog; path = Assets.xcassets; sourceTree = "<group>"; };
		D9841135240B2F5B00BFABA0 /* Preview Assets.xcassets */ = {isa = PBXFileReference; lastKnownFileType = folder.assetcatalog; path = "Preview Assets.xcassets"; sourceTree = "<group>"; };
		D9841138240B2F5B00BFABA0 /* Base */ = {isa = PBXFileReference; lastKnownFileType = file.storyboard; name = Base; path = Base.lproj/LaunchScreen.storyboard; sourceTree = "<group>"; };
		D984113A240B2F5B00BFABA0 /* Info.plist */ = {isa = PBXFileReference; lastKnownFileType = text.plist.xml; path = Info.plist; sourceTree = "<group>"; };
/* End PBXFileReference section */

/* Begin PBXFrameworksBuildPhase section */
		D9841123240B2F5900BFABA0 /* Frameworks */ = {
			isa = PBXFrameworksBuildPhase;
			buildActionMask = 2147483647;
			files = (
			);
			runOnlyForDeploymentPostprocessing = 0;
		};
/* End PBXFrameworksBuildPhase section */

/* Begin PBXGroup section */
		D984111D240B2F5900BFABA0 = {
			isa = PBXGroup;
			children = (
				D9841128240B2F5900BFABA0 /* ArtTracker */,
				D9841127240B2F5900BFABA0 /* Products */,
			);
			sourceTree = "<group>";
		};
		D9841127240B2F5900BFABA0 /* Products */ = {
			isa = PBXGroup;
			children = (
				D9841126240B2F5900BFABA0 /* ArtTracker.app */,
			);
			name = Products;
			sourceTree = "<group>";
		};
		D9841128240B2F5900BFABA0 /* ArtTracker */ = {
			isa = PBXGroup;
			children = (
				D9841129240B2F5900BFABA0 /* AppDelegate.swift */,
				D984112B240B2F5900BFABA0 /* SceneDelegate.swift */,
				D9841130240B2F5900BFABA0 /* ContentView.swift */,
				D9841132240B2F5B00BFABA0 /* Assets.xcassets */,
				D9841137240B2F5B00BFABA0 /* LaunchScreen.storyboard */,
				D984113A240B2F5B00BFABA0 /* Info.plist */,
				D984112D240B2F5900BFABA0 /* ArtTracker.xcdatamodeld */,
				D9841134240B2F5B00BFABA0 /* Preview Content */,
			);
			path = ArtTracker;
			sourceTree = "<group>";
		};
		D9841134240B2F5B00BFABA0 /* Preview Content */ = {
			isa = PBXGroup;
			children = (
				D9841135240B2F5B00BFABA0 /* Preview Assets.xcassets */,
			);
			path = "Preview Content";
			sourceTree = "<group>";
		};
/* End PBXGroup section */

/* Begin PBXNativeTarget section */
		D9841125240B2F5900BFABA0 /* ArtTracker */ = {
			isa = PBXNativeTarget;
			buildConfigurationList = D984113D240B2F5B00BFABA0 /* Build configuration list for PBXNativeTarget "ArtTracker" */;
			buildPhases = (
				D9841122240B2F5900BFABA0 /* Sources */,
				D9841123240B2F5900BFABA0 /* Frameworks */,
				D9841124240B2F5900BFABA0 /* Resources */,
			);
			buildRules = (
			);
			dependencies = (
			);
			name = ArtTracker;
			productName = ArtTracker;
			productReference = D9841126240B2F5900BFABA0 /* ArtTracker.app */;
			productType = "com.apple.product-type.application";
		};
/* End PBXNativeTarget section */

/* Begin PBXProject section */
		D984111E240B2F5900BFABA0 /* Project object */ = {
			isa = PBXProject;
			attributes = {
				LastSwiftUpdateCheck = 1130;
				LastUpgradeCheck = 1130;
				ORGANIZATIONNAME = "Gustav Solis";
				TargetAttributes = {
					D9841125240B2F5900BFABA0 = {
						CreatedOnToolsVersion = 11.3.1;
					};
				};
			};
			buildConfigurationList = D9841121240B2F5900BFABA0 /* Build configuration list for PBXProject "ArtTracker" */;
			compatibilityVersion = "Xcode 9.3";
			developmentRegion = en;
			hasScannedForEncodings = 0;
			knownRegions = (
				en,
				Base,
			);
			mainGroup = D984111D240B2F5900BFABA0;
			productRefGroup = D9841127240B2F5900BFABA0 /* Products */;
			projectDirPath = "";
			projectRoot = "";
			targets = (
				D9841125240B2F5900BFABA0 /* ArtTracker */,
			);
		};
/* End PBXProject section */

/* Begin PBXResourcesBuildPhase section */
		D9841124240B2F5900BFABA0 /* Resources */ = {
			isa = PBXResourcesBuildPhase;
			buildActionMask = 2147483647;
			files = (
				D9841139240B2F5B00BFABA0 /* LaunchScreen.storyboard in Resources */,
				D9841136240B2F5B00BFABA0 /* Preview Assets.xcassets in Resources */,
				D9841133240B2F5B00BFABA0 /* Assets.xcassets in Resources */,
			);
			runOnlyForDeploymentPostprocessing = 0;
		};
/* End PBXResourcesBuildPhase section */

/* Begin PBXSourcesBuildPhase section */
		D9841122240B2F5900BFABA0 /* Sources */ = {
			isa = PBXSourcesBuildPhase;
			buildActionMask = 2147483647;
			files = (
				D984112A240B2F5900BFABA0 /* AppDelegate.swift in Sources */,
				D984112F240B2F5900BFABA0 /* ArtTracker.xcdatamodeld in Sources */,
				D9841131240B2F5900BFABA0 /* ContentView.swift in Sources */,
				D984112C240B2F5900BFABA0 /* SceneDelegate.swift in Sources */,
			);
			runOnlyForDeploymentPostprocessing = 0;
		};
/* End PBXSourcesBuildPhase section */

/* Begin PBXVariantGroup section */
		D9841137240B2F5B00BFABA0 /* LaunchScreen.storyboard */ = {
			isa = PBXVariantGroup;
			children = (
				D9841138240B2F5B00BFABA0 /* Base */,
			);
			name = LaunchScreen.storyboard;
			sourceTree = "<group>";
		};
/* End PBXVariantGroup section */

/* Begin XCBuildConfiguration section */
		D984113B240B2F5B00BFABA0 /* Debug */ = {
			isa = XCBuildConfiguration;
			buildSettings = {
				ALWAYS_SEARCH_USER_PATHS = NO;
				CLANG_ANALYZER_NONNULL = YES;
				CLANG_ANALYZER_NUMBER_OBJECT_CONVERSION = YES_AGGRESSIVE;
				CLANG_CXX_LANGUAGE_STANDARD = "gnu++14";
				CLANG_CXX_LIBRARY = "libc++";
				CLANG_ENABLE_MODULES = YES;
				CLANG_ENABLE_OBJC_ARC = YES;
				CLANG_ENABLE_OBJC_WEAK = YES;
				CLANG_WARN_BLOCK_CAPTURE_AUTORELEASING = YES;
				CLANG_WARN_BOOL_CONVERSION = YES;
				CLANG_WARN_COMMA = YES;
				CLANG_WARN_CONSTANT_CONVERSION = YES;
				CLANG_WARN_DEPRECATED_OBJC_IMPLEMENTATIONS = YES;
				CLANG_WARN_DIRECT_OBJC_ISA_USAGE = YES_ERROR;
				CLANG_WARN_DOCUMENTATION_COMMENTS = YES;
				CLANG_WARN_EMPTY_BODY = YES;
				CLANG_WARN_ENUM_CONVERSION = YES;
				CLANG_WARN_INFINITE_RECURSION = YES;
				CLANG_WARN_INT_CONVERSION = YES;
				CLANG_WARN_NON_LITERAL_NULL_CONVERSION = YES;
				CLANG_WARN_OBJC_IMPLICIT_RETAIN_SELF = YES;
				CLANG_WARN_OBJC_LITERAL_CONVERSION = YES;
				CLANG_WARN_OBJC_ROOT_CLASS = YES_ERROR;
				CLANG_WARN_RANGE_LOOP_ANALYSIS = YES;
				CLANG_WARN_STRICT_PROTOTYPES = YES;
				CLANG_WARN_SUSPICIOUS_MOVE = YES;
				CLANG_WARN_UNGUARDED_AVAILABILITY = YES_AGGRESSIVE;
				CLANG_WARN_UNREACHABLE_CODE = YES;
				CLANG_WARN__DUPLICATE_METHOD_MATCH = YES;
				COPY_PHASE_STRIP = NO;
				DEBUG_INFORMATION_FORMAT = dwarf;
				ENABLE_STRICT_OBJC_MSGSEND = YES;
				ENABLE_TESTABILITY = YES;
				GCC_C_LANGUAGE_STANDARD = gnu11;
				GCC_DYNAMIC_NO_PIC = NO;
				GCC_NO_COMMON_BLOCKS = YES;
				GCC_OPTIMIZATION_LEVEL = 0;
				GCC_PREPROCESSOR_DEFINITIONS = (
					"DEBUG=1",
					"$(inherited)",
				);
				GCC_WARN_64_TO_32_BIT_CONVERSION = YES;
				GCC_WARN_ABOUT_RETURN_TYPE = YES_ERROR;
				GCC_WARN_UNDECLARED_SELECTOR = YES;
				GCC_WARN_UNINITIALIZED_AUTOS = YES_AGGRESSIVE;
				GCC_WARN_UNUSED_FUNCTION = YES;
				GCC_WARN_UNUSED_VARIABLE = YES;
				IPHONEOS_DEPLOYMENT_TARGET = 13.2;
				MTL_ENABLE_DEBUG_INFO = INCLUDE_SOURCE;
				MTL_FAST_MATH = YES;
				ONLY_ACTIVE_ARCH = YES;
				SDKROOT = iphoneos;
				SWIFT_ACTIVE_COMPILATION_CONDITIONS = DEBUG;
				SWIFT_OPTIMIZATION_LEVEL = "-Onone";
			};
			name = Debug;
		};
		D984113C240B2F5B00BFABA0 /* Release */ = {
			isa = XCBuildConfiguration;
			buildSettings = {
				ALWAYS_SEARCH_USER_PATHS = NO;
				CLANG_ANALYZER_NONNULL = YES;
				CLANG_ANALYZER_NUMBER_OBJECT_CONVERSION = YES_AGGRESSIVE;
				CLANG_CXX_LANGUAGE_STANDARD = "gnu++14";
				CLANG_CXX_LIBRARY = "libc++";
				CLANG_ENABLE_MODULES = YES;
				CLANG_ENABLE_OBJC_ARC = YES;
				CLANG_ENABLE_OBJC_WEAK = YES;
				CLANG_WARN_BLOCK_CAPTURE_AUTORELEASING = YES;
				CLANG_WARN_BOOL_CONVERSION = YES;
				CLANG_WARN_COMMA = YES;
				CLANG_WARN_CONSTANT_CONVERSION = YES;
				CLANG_WARN_DEPRECATED_OBJC_IMPLEMENTATIONS = YES;
				CLANG_WARN_DIRECT_OBJC_ISA_USAGE = YES_ERROR;
				CLANG_WARN_DOCUMENTATION_COMMENTS = YES;
				CLANG_WARN_EMPTY_BODY = YES;
				CLANG_WARN_ENUM_CONVERSION = YES;
				CLANG_WARN_INFINITE_RECURSION = YES;
				CLANG_WARN_INT_CONVERSION = YES;
				CLANG_WARN_NON_LITERAL_NULL_CONVERSION = YES;
				CLANG_WARN_OBJC_IMPLICIT_RETAIN_SELF = YES;
				CLANG_WARN_OBJC_LITERAL_CONVERSION = YES;
				CLANG_WARN_OBJC_ROOT_CLASS = YES_ERROR;
				CLANG_WARN_RANGE_LOOP_ANALYSIS = YES;
				CLANG_WARN_STRICT_PROTOTYPES = YES;
				CLANG_WARN_SUSPICIOUS_MOVE = YES;
				CLANG_WARN_UNGUARDED_AVAILABILITY = YES_AGGRESSIVE;
				CLANG_WARN_UNREACHABLE_CODE = YES;
				CLANG_WARN__DUPLICATE_METHOD_MATCH = YES;
				COPY_PHASE_STRIP = NO;
				DEBUG_INFORMATION_FORMAT = "dwarf-with-dsym";
				ENABLE_NS_ASSERTIONS = NO;
				ENABLE_STRICT_OBJC_MSGSEND = YES;
				GCC_C_LANGUAGE_STANDARD = gnu11;
				GCC_NO_COMMON_BLOCKS = YES;
				GCC_WARN_64_TO_32_BIT_CONVERSION = YES;
				GCC_WARN_ABOUT_RETURN_TYPE = YES_ERROR;
				GCC_WARN_UNDECLARED_SELECTOR = YES;
				GCC_WARN_UNINITIALIZED_AUTOS = YES_AGGRESSIVE;
				GCC_WARN_UNUSED_FUNCTION = YES;
				GCC_WARN_UNUSED_VARIABLE = YES;
				IPHONEOS_DEPLOYMENT_TARGET = 13.2;
				MTL_ENABLE_DEBUG_INFO = NO;
				MTL_FAST_MATH = YES;
				SDKROOT = iphoneos;
				SWIFT_COMPILATION_MODE = wholemodule;
				SWIFT_OPTIMIZATION_LEVEL = "-O";
				VALIDATE_PRODUCT = YES;
			};
			name = Release;
		};
		D984113E240B2F5B00BFABA0 /* Debug */ = {
			isa = XCBuildConfiguration;
			buildSettings = {
				ASSETCATALOG_COMPILER_APPICON_NAME = AppIcon;
				CODE_SIGN_STYLE = Automatic;
				DEVELOPMENT_ASSET_PATHS = "\"ArtTracker/Preview Content\"";
				ENABLE_PREVIEWS = YES;
				INFOPLIST_FILE = ArtTracker/Info.plist;
				LD_RUNPATH_SEARCH_PATHS = (
					"$(inherited)",
					"@executable_path/Frameworks",
				);
				PRODUCT_BUNDLE_IDENTIFIER = CSCI4900.ArtTracker;
				PRODUCT_NAME = "$(TARGET_NAME)";
				SWIFT_VERSION = 5.0;
				TARGETED_DEVICE_FAMILY = "1,2";
			};
			name = Debug;
		};
		D984113F240B2F5B00BFABA0 /* Release */ = {
			isa = XCBuildConfiguration;
			buildSettings = {
				ASSETCATALOG_COMPILER_APPICON_NAME = AppIcon;
				CODE_SIGN_STYLE = Automatic;
				DEVELOPMENT_ASSET_PATHS = "\"ArtTracker/Preview Content\"";
				ENABLE_PREVIEWS = YES;
				INFOPLIST_FILE = ArtTracker/Info.plist;
				LD_RUNPATH_SEARCH_PATHS = (
					"$(inherited)",
					"@executable_path/Frameworks",
				);
				PRODUCT_BUNDLE_IDENTIFIER = CSCI4900.ArtTracker;
				PRODUCT_NAME = "$(TARGET_NAME)";
				SWIFT_VERSION = 5.0;
				TARGETED_DEVICE_FAMILY = "1,2";
			};
			name = Release;
		};
/* End XCBuildConfiguration section */

/* Begin XCConfigurationList section */
		D9841121240B2F5900BFABA0 /* Build configuration list for PBXProject "ArtTracker" */ = {
			isa = XCConfigurationList;
			buildConfigurations = (
				D984113B240B2F5B00BFABA0 /* Debug */,
				D984113C240B2F5B00BFABA0 /* Release */,
			);
			defaultConfigurationIsVisible = 0;
			defaultConfigurationName = Release;
		};
		D984113D240B2F5B00BFABA0 /* Build configuration list for PBXNativeTarget "ArtTracker" */ = {
			isa = XCConfigurationList;
			buildConfigurations = (
				D984113E240B2F5B00BFABA0 /* Debug */,
				D984113F240B2F5B00BFABA0 /* Release */,
			);
			defaultConfigurationIsVisible = 0;
			defaultConfigurationName = Release;
		};
/* End XCConfigurationList section */

/* Begin XCVersionGroup section */
		D984112D240B2F5900BFABA0 /* ArtTracker.xcdatamodeld */ = {
			isa = XCVersionGroup;
			children = (
				D984112E240B2F5900BFABA0 /* ArtTracker.xcdatamodel */,
			);
			currentVersion = D984112E240B2F5900BFABA0 /* ArtTracker.xcdatamodel */;
			path = ArtTracker.xcdatamodeld;
			sourceTree = "<group>";
			versionGroupType = wrapper.xcdatamodel;
		};
/* End XCVersionGroup section */
	};
	rootObject = D984111E240B2F5900BFABA0 /* Project object */;
}
